
Microsoft Visual Studio Solution File, Format Version 12.00
# Visual Studio 2013
VisualStudioVersion = 12.0.31101.0
MinimumVisualStudioVersion = 10.0.40219.1
Project("{FAE04EC0-301F-11D3-BF4B-00C04F79EFBC}") = "SocialERP", "SocialERP\SocialERP.csproj", "{5A5B5312-4BDD-4904-B118-EC0DA83D4493}"
EndProject
Project("{FAE04EC0-301F-11D3-BF4B-00C04F79EFBC}") = "SocialERPWeb", "SocialERPWeb\SocialERPWeb.csproj", "{0537F162-CF05-4E43-9838-D1E39F07D371}"
EndProject
Project("{FAE04EC0-301F-11D3-BF4B-00C04F79EFBC}") = "ERPWebApi", "ERPWebApi\ERPWebApi.csproj", "{CADC3401-2A75-40C4-AFC8-279C31D4A711}"
EndProject
Global
	GlobalSection(SolutionConfigurationPlatforms) = preSolution
		Debug|Any CPU = Debug|Any CPU
		Release|Any CPU = Release|Any CPU
	EndGlobalSection
	GlobalSection(ProjectConfigurationPlatforms) = postSolution
		{5A5B5312-4BDD-4904-B118-EC0DA83D4493}.Debug|Any CPU.ActiveCfg = Debug|Any CPU
		{5A5B5312-4BDD-4904-B118-EC0DA83D4493}.Debug|Any CPU.Build.0 = Debug|Any CPU
		{5A5B5312-4BDD-4904-B118-EC0DA83D4493}.Debug|Any CPU.Deploy.0 = Debug|Any CPU
		{5A5B5312-4BDD-4904-B118-EC0DA83D4493}.Release|Any CPU.ActiveCfg = Release|Any CPU
		{5A5B5312-4BDD-4904-B118-EC0DA83D4493}.Release|Any CPU.Build.0 = Release|Any CPU
		{5A5B5312-4BDD-4904-B118-EC0DA83D4493}.Release|Any CPU.Deploy.0 = Release|Any CPU
		{0537F162-CF05-4E43-9838-D1E39F07D371}.Debug|Any CPU.ActiveCfg = Debug|Any CPU
		{0537F162-CF05-4E43-9838-D1E39F07D371}.Debug|Any CPU.Build.0 = Debug|Any CPU
		{0537F162-CF05-4E43-9838-D1E39F07D371}.Release|Any CPU.ActiveCfg = Release|Any CPU
		{0537F162-CF05-4E43-9838-D1E39F07D371}.Release|Any CPU.Build.0 = Release|Any CPU
		{CADC3401-2A75-40C4-AFC8-279C31D4A711}.Debug|Any CPU.ActiveCfg = Debug|Any CPU
		{CADC3401-2A75-40C4-AFC8-279C31D4A711}.Debug|Any CPU.Build.0 = Debug|Any CPU
		{CADC3401-2A75-40C4-AFC8-279C31D4A711}.Debug|Any CPU.Deploy.0 = Debug|Any CPU
		{CADC3401-2A75-40C4-AFC8-279C31D4A711}.Release|Any CPU.ActiveCfg = Release|Any CPU
		{CADC3401-2A75-40C4-AFC8-279C31D4A711}.Release|Any CPU.Build.0 = Release|Any CPU
	EndGlobalSection
	GlobalSection(SolutionProperties) = preSolution
		HideSolutionNode = FALSE
	EndGlobalSection
EndGlobal
